{
  "name": "Movie-App-with-Nextjs-and-Django-rest-framework",
  "lockfileVersion": 3,
  "requires": true,
  "packages": {
    "": {
      "name": "Movie-App-with-Nextjs-and-Django-rest-framework",
      "dependencies": {
        "torrent-stream": "^0.13.5"
      }
    },
    "node_modules/addr-to-ip-port": {
      "version": "1.5.4",
      "resolved": "https://registry.npmjs.org/addr-to-ip-port/-/addr-to-ip-port-1.5.4.tgz",
      "integrity": "sha512-ByxmJgv8vjmDcl3IDToxL2yrWFrRtFpZAToY0f46XFXl8zS081t7El5MXIodwm7RC6DhHBRoOSMLFSPKCtHukg==",
      "license": "MIT"
    },
    "node_modules/balanced-match": {
      "version": "1.0.2",
      "resolved": "https://registry.npmjs.org/balanced-match/-/balanced-match-1.0.2.tgz",
      "integrity": "sha512-3oSeUO0TMV67hN1AmbXsK4yaqU7tjiHlbxRDZOpH0KW9+CeX4bRAaX0Anxt0tx2MrpRpWwQaPwIlISEJhYU5Pw==",
      "license": "MIT"
    },
    "node_modules/bencode": {
      "version": "0.6.0",
      "resolved": "https://registry.npmjs.org/bencode/-/bencode-0.6.0.tgz",
      "integrity": "sha512-+vkr8zCKV1XRvo7pITdz0oWgTo+LtWajKa+h6a/iSe8wRt/qpwB6q6OQn2qUlbc2f7zZJJd5ypvL4ano/UYWrg==",
      "license": "MIT"
    },
    "node_modules/bitfield": {
      "version": "0.1.0",
      "resolved": "https://registry.npmjs.org/bitfield/-/bitfield-0.1.0.tgz",
      "integrity": "sha512-M15ypXCxXd81FSOWL2ejHpB1TDKmz7Y55/VuqfExJi72sHW0JzE5dfV+hrSZafZtWRg/tdMsdte5dgwrlOM7nA==",
      "license": "-"
    },
    "node_modules/bittorrent-dht": {
      "version": "1.5.0",
      "resolved": "https://registry.npmjs.org/bittorrent-dht/-/bittorrent-dht-1.5.0.tgz",
      "integrity": "sha512-fGEw0ropd1hGrx8/xQW1VAXM+VPuO9NmWjKEsLp/PdRHuB6XvcQJ+3UxIInqrwOGzrg0MLfjaJ/9680SbBWb+g==",
      "deprecated": "Critical security issue fixed in 5.1.3. All users should upgrade. (More info: https://github.com/feross/bittorrent-dht/issues/87)",
      "license": "MIT",
      "dependencies": {
        "bencode": "^0.6.0",
        "buffer-equal": "^0.0.1",
        "compact2string": "^1.2.0",
        "debug": "^1.0.0",
        "hat": "^0.0.3",
        "inherits": "^2.0.1",
        "k-bucket": "^0.4.2",
        "once": "^1.3.0",
        "portfinder": "^0.2.1",
        "run-parallel": "^1.0.0",
        "string2compact": "^1.1.1"
      }
    },
    "node_modules/bittorrent-tracker": {
      "version": "2.12.1",
      "resolved": "https://registry.npmjs.org/bittorrent-tracker/-/bittorrent-tracker-2.12.1.tgz",
      "integrity": "sha512-j+mpg9OnXISblGAzSee5JbGoxlqc33e+dyQ2uEB/RVxAR7PK0hPqG6tPsfHI3CIcLJg/AM1xAmIgRFsTQidXGw==",
      "license": "MIT",
      "dependencies": {
        "bencode": "^0.6.0",
        "bn.js": "^1.0.0",
        "buffer-equal": "0.0.1",
        "compact2string": "^1.2.0",
        "debug": "^2.0.0",
        "extend.js": "0.0.2",
        "hat": "0.0.3",
        "inherits": "^2.0.1",
        "ip": "^0.3.0",
        "once": "^1.3.0",
        "portfinder": "^0.3.0",
        "run-series": "^1.0.2",
        "simple-get": "^1.3.0",
        "string2compact": "^1.1.1"
      }
    },
    "node_modules/bittorrent-tracker/node_modules/debug": {
      "version": "2.6.9",
      "resolved": "https://registry.npmjs.org/debug/-/debug-2.6.9.tgz",
      "integrity": "sha512-bC7ElrdJaJnPbAP+1EotYvqZsb3ecl5wi6Bfi6BJTUcNowp6cvspg0jXznRTKDjm/E7AdgFBVeAPVMNcKGsHMA==",
      "license": "MIT",
      "dependencies": {
        "ms": "2.0.0"
      }
    },
    "node_modules/bittorrent-tracker/node_modules/mkdirp": {
      "version": "0.0.7",
      "resolved": "https://registry.npmjs.org/mkdirp/-/mkdirp-0.0.7.tgz",
      "integrity": "sha512-r4Ml2CH2Kl4B0+Lwq1SVru0vjMxdtR+UEb938WTQcsnU+EJz8dUV/HY0LTZh466nUSljia9cvqW3LZLWs3l8LQ==",
      "deprecated": "Legacy versions of mkdirp are no longer supported. Please update to mkdirp 1.x. (Note that the API surface has changed to use Promises in 1.x.)",
      "license": "MIT/X11",
      "engines": {
        "node": "*"
      }
    },
    "node_modules/bittorrent-tracker/node_modules/portfinder": {
      "version": "0.3.0",
      "resolved": "https://registry.npmjs.org/portfinder/-/portfinder-0.3.0.tgz",
      "integrity": "sha512-6i0yyV4CyEehe9TWH+4Abm+xVTvjGZXR6kDGDUVXoPEyi8BMZv8W296Y+UVwAXP7aMGwbZFHqMOHIGIjh1CEDw==",
      "license": "MIT/X11",
      "dependencies": {
        "mkdirp": "0.0.x"
      },
      "engines": {
        "node": ">= 0.4.0"
      }
    },
    "node_modules/bn.js": {
      "version": "1.3.0",
      "resolved": "https://registry.npmjs.org/bn.js/-/bn.js-1.3.0.tgz",
      "integrity": "sha512-AbS5zhpzu2uAZpSyC9wMIXmaHKRakdf4rn8kqASOe59N/vxGjw/r0UbbCVUW+YPdQbZyqOc8ne3mxkmGanYD2w==",
      "license": "MIT"
    },
    "node_modules/bncode": {
      "version": "0.5.3",
      "resolved": "https://registry.npmjs.org/bncode/-/bncode-0.5.3.tgz",
      "integrity": "sha512-0P5VuWobU5Gwbeio8n9Jsdv0tE1IikrV9n4f7RsnXHNtxmdd/oeIO6QyoSEUAEyo5P6i3XMfBppi82WqNsT4JA=="
    },
    "node_modules/brace-expansion": {
      "version": "1.1.11",
      "resolved": "https://registry.npmjs.org/brace-expansion/-/brace-expansion-1.1.11.tgz",
      "integrity": "sha512-iCuPHDFgrHX7H2vEI/5xpz07zSHB00TpugqhmYtVmMO6518mCuRMoOYFldEBl0g187ufozdaHgWKcYFb61qGiA==",
      "license": "MIT",
      "dependencies": {
        "balanced-match": "^1.0.0",
        "concat-map": "0.0.1"
      }
    },
    "node_modules/buffer-alloc": {
      "version": "1.2.0",
      "resolved": "https://registry.npmjs.org/buffer-alloc/-/buffer-alloc-1.2.0.tgz",
      "integrity": "sha512-CFsHQgjtW1UChdXgbyJGtnm+O/uLQeZdtbDo8mfUgYXCHSM1wgrVxXm6bSyrUuErEb+4sYVGCzASBRot7zyrow==",
      "license": "MIT",
      "dependencies": {
        "buffer-alloc-unsafe": "^1.1.0",
        "buffer-fill": "^1.0.0"
      }
    },
    "node_modules/buffer-alloc-unsafe": {
      "version": "1.1.0",
      "resolved": "https://registry.npmjs.org/buffer-alloc-unsafe/-/buffer-alloc-unsafe-1.1.0.tgz",
      "integrity": "sha512-TEM2iMIEQdJ2yjPJoSIsldnleVaAk1oW3DBVUykyOLsEsFmEc9kn+SFFPz+gl54KQNxlDnAwCXosOS9Okx2xAg==",
      "license": "MIT"
    },
    "node_modules/buffer-equal": {
      "version": "0.0.1",
      "resolved": "https://registry.npmjs.org/buffer-equal/-/buffer-equal-0.0.1.tgz",
      "integrity": "sha512-RgSV6InVQ9ODPdLWJ5UAqBqJBOg370Nz6ZQtRzpt6nUjc8v0St97uJ4PYC6NztqIScrAXafKM3mZPMygSe1ggA==",
      "license": "MIT",
      "engines": {
        "node": ">=0.4.0"
      }
    },
    "node_modules/buffer-fill": {
      "version": "1.0.0",
      "resolved": "https://registry.npmjs.org/buffer-fill/-/buffer-fill-1.0.0.tgz",
      "integrity": "sha512-T7zexNBwiiaCOGDg9xNX9PBmjrubblRkENuptryuI64URkXDFum9il/JGL8Lm8wYfAXpredVXXZz7eMHilimiQ==",
      "license": "MIT"
    },
    "node_modules/buffer-from": {
      "version": "1.1.2",
      "resolved": "https://registry.npmjs.org/buffer-from/-/buffer-from-1.1.2.tgz",
      "integrity": "sha512-E+XQCRwSbaaiChtv6k6Dwgc+bx+Bs6vuKJHHl5kox/BaKbhiXzqQOwK4cO22yElGp2OCmjwVhT3HmxgyPGnJfQ==",
      "license": "MIT"
    },
    "node_modules/compact2string": {
      "version": "1.4.1",
      "resolved": "https://registry.npmjs.org/compact2string/-/compact2string-1.4.1.tgz",
      "integrity": "sha512-3D+EY5nsRhqnOwDxveBv5T8wGo4DEvYxjDtPGmdOX+gfr5gE92c2RC0w2wa+xEefm07QuVqqcF3nZJUZ92l/og==",
      "license": "BSD",
      "dependencies": {
        "ipaddr.js": ">= 0.1.5"
      }
    },
    "node_modules/concat-map": {
      "version": "0.0.1",
      "resolved": "https://registry.npmjs.org/concat-map/-/concat-map-0.0.1.tgz",
      "integrity": "sha512-/Srv4dswyQNBfohGpz9o6Yb3Gz3SrUDqBH5rTuhGR7ahtlbYKnVxw2bCFMRljaA7EXHaXZ8wsHdodFvbkhKmqg==",
      "license": "MIT"
    },
    "node_modules/core-util-is": {
      "version": "1.0.3",
      "resolved": "https://registry.npmjs.org/core-util-is/-/core-util-is-1.0.3.tgz",
      "integrity": "sha512-ZQBvi1DcpJ4GDqanjucZ2Hj3wEO5pZDS89BWbkcrvdxksJorwUDDZamX9ldFkp9aw2lmBDLgkObEA4DWNJ9FYQ==",
      "license": "MIT"
    },
    "node_modules/debug": {
      "version": "1.0.5",
      "resolved": "https://registry.npmjs.org/debug/-/debug-1.0.5.tgz",
      "integrity": "sha512-SIKSrp4+XqcUaNWhwaPJbLFnvSXPsZ4xBdH2WRK0Xo++UzMC4eepYghGAVhVhOwmfq3kqowqJ5w45R3pmYZnuA==",
      "dependencies": {
        "ms": "2.0.0"
      }
    },
    "node_modules/end-of-stream": {
      "version": "0.1.5",
      "resolved": "https://registry.npmjs.org/end-of-stream/-/end-of-stream-0.1.5.tgz",
      "integrity": "sha512-go5TQkd0YRXYhX+Lc3UrXkoKU5j+m72jEP5lHWr2Nh82L8wfZtH8toKgcg4T10o23ELIMGXQdwCbl+qAXIPDrw==",
      "license": "MIT",
      "dependencies": {
        "once": "~1.3.0"
      }
    },
    "node_modules/extend.js": {
      "version": "0.0.2",
      "resolved": "https://registry.npmjs.org/extend.js/-/extend.js-0.0.2.tgz",
      "integrity": "sha512-kSK5oO9X2i9qUptwhkilKqBfLG322xXY2ZO6/dlPY/ozt0fc+Ac9Qo6hZE/RiRTau5XUvVv2y6z1G6lNZ8f1WA=="
    },
    "node_modules/fifo": {
      "version": "0.1.4",
      "resolved": "https://registry.npmjs.org/fifo/-/fifo-0.1.4.tgz",
      "integrity": "sha512-CpKgwraLo4YWY9cUEICNJ1WcOVR2WE1Jvot3Nvr7FGBiGOKgkn1CmF4zuCl9VxvEh1nQsdYXtQg+V0etPiED6g==",
      "license": "MIT"
    },
    "node_modules/fs.realpath": {
      "version": "1.0.0",
      "resolved": "https://registry.npmjs.org/fs.realpath/-/fs.realpath-1.0.0.tgz",
      "integrity": "sha512-OO0pH2lK6a0hZnAdau5ItzHPI6pUlvI7jMVnxUQRtw4owF2wk8lOSabtGDCTP4Ggrg2MbGnWO9X8K1t4+fGMDw==",
      "license": "ISC"
    },
    "node_modules/glob": {
      "version": "7.2.3",
      "resolved": "https://registry.npmjs.org/glob/-/glob-7.2.3.tgz",
      "integrity": "sha512-nFR0zLpU2YCaRxwoCJvL6UvCH2JFyFVIvwTLsIf21AuHlMskA1hhTdk+LlYJtOlYt9v6dvszD2BGRqBL+iQK9Q==",
      "deprecated": "Glob versions prior to v9 are no longer supported",
      "license": "ISC",
      "dependencies": {
        "fs.realpath": "^1.0.0",
        "inflight": "^1.0.4",
        "inherits": "2",
        "minimatch": "^3.1.1",
        "once": "^1.3.0",
        "path-is-absolute": "^1.0.0"
      },
      "engines": {
        "node": "*"
      },
      "funding": {
        "url": "https://github.com/sponsors/isaacs"
      }
    },
    "node_modules/hat": {
      "version": "0.0.3",
      "resolved": "https://registry.npmjs.org/hat/-/hat-0.0.3.tgz",
      "integrity": "sha512-zpImx2GoKXy42fVDSEad2BPKuSQdLcqsCYa48K3zHSzM/ugWuYjLDr8IXxpVuL7uCLHw56eaiLxCRthhOzf5ug==",
      "license": "MIT/X11",
      "engines": {
        "node": "*"
      }
    },
    "node_modules/inflight": {
      "version": "1.0.6",
      "resolved": "https://registry.npmjs.org/inflight/-/inflight-1.0.6.tgz",
      "integrity": "sha512-k92I/b08q4wvFscXCLvqfsHCrjrF7yiXsQuIVvVE7N82W3+aqpzuUdBbfhWcy/FZR3/4IgflMgKLOsvPDrGCJA==",
      "deprecated": "This module is not supported, and leaks memory. Do not use it. Check out lru-cache if you want a good and tested way to coalesce async requests by a key value, which is much more comprehensive and powerful.",
      "license": "ISC",
      "dependencies": {
        "once": "^1.3.0",
        "wrappy": "1"
      }
    },
    "node_modules/inherits": {
      "version": "2.0.4",
      "resolved": "https://registry.npmjs.org/inherits/-/inherits-2.0.4.tgz",
      "integrity": "sha512-k/vGaX4/Yla3WzyMCvTQOXYeIHvqOKtnqBduzTHpzpQZzAskKMhZ2K+EnBiSM9zGSoIFeMpXKxa4dYeZIQqewQ==",
      "license": "ISC"
    },
    "node_modules/ip": {
      "version": "0.3.3",
      "resolved": "https://registry.npmjs.org/ip/-/ip-0.3.3.tgz",
      "integrity": "sha512-VXpBTSFo8wNvJVwCxlncVwd2hYbzX8egxidocX2oKt6H5tJzLjrzG6gTNoHSNsKtIyelb528n/7sa86kqlnNiA==",
      "license": "MIT"
    },
    "node_modules/ipaddr.js": {
      "version": "2.2.0",
      "resolved": "https://registry.npmjs.org/ipaddr.js/-/ipaddr.js-2.2.0.tgz",
      "integrity": "sha512-Ag3wB2o37wslZS19hZqorUnrnzSkpOVy+IiiDEiTqNubEYpYuHWIf6K4psgN2ZWKExS4xhVCrRVfb/wfW8fWJA==",
      "license": "MIT",
      "engines": {
        "node": ">= 10"
      }
    },
    "node_modules/isarray": {
      "version": "0.0.1",
      "resolved": "https://registry.npmjs.org/isarray/-/isarray-0.0.1.tgz",
      "integrity": "sha512-D2S+3GLxWH+uhrNEcoh/fnmYeP8E8/zHl644d/jdA0g2uyXvy3sb0qxotE+ne0LtccHknQzWwZEzhak7oJ0COQ==",
      "license": "MIT"
    },
    "node_modules/k-bucket": {
      "version": "0.4.4",
      "resolved": "https://registry.npmjs.org/k-bucket/-/k-bucket-0.4.4.tgz",
      "integrity": "sha512-IysHqyy1QZHs1xwKiszWB43f7GghQZh7Z0D8f2NVWGCj4cZjEPk0l8gSW+eda2DAfw/2cQuUjnj7PcqTnEAB8w==",
      "license": "MIT",
      "dependencies": {
        "buffer-equal": "0.0.1"
      }
    },
    "node_modules/magnet-uri": {
      "version": "2.0.1",
      "resolved": "https://registry.npmjs.org/magnet-uri/-/magnet-uri-2.0.1.tgz",
      "integrity": "sha512-PmoK9UeaVTXHNYGAJab/HmTYBvz3QuvMQKiEVu6mAuLsOcV/TUJuiyffKh+ayn0zLnU3ViLModW6jbxUUUWSZg==",
      "license": "MIT",
      "dependencies": {
        "thirty-two": "~0.0.1"
      }
    },
    "node_modules/minimatch": {
      "version": "3.1.2",
      "resolved": "https://registry.npmjs.org/minimatch/-/minimatch-3.1.2.tgz",
      "integrity": "sha512-J7p63hRiAjw1NDEww1W7i37+ByIrOWO5XQQAzZ3VOcL0PNybwpfmV/N05zFAzwQ9USyEcX6t3UO+K5aqBQOIHw==",
      "license": "ISC",
      "dependencies": {
        "brace-expansion": "^1.1.7"
      },
      "engines": {
        "node": "*"
      }
    },
    "node_modules/mkdirp": {
      "version": "0.3.5",
      "resolved": "https://registry.npmjs.org/mkdirp/-/mkdirp-0.3.5.tgz",
      "integrity": "sha512-8OCq0De/h9ZxseqzCH8Kw/Filf5pF/vMI6+BH7Lu0jXz2pqYCjTAQRolSxRIi+Ax+oCCjlxoJMP0YQ4XlrQNHg==",
      "deprecated": "Legacy versions of mkdirp are no longer supported. Please update to mkdirp 1.x. (Note that the API surface has changed to use Promises in 1.x.)",
      "license": "MIT"
    },
    "node_modules/ms": {
      "version": "2.0.0",
      "resolved": "https://registry.npmjs.org/ms/-/ms-2.0.0.tgz",
      "integrity": "sha512-Tpp60P6IUJDTuOq/5Z8cdskzJujfwqfOTkrwIwj7IRISpnkJnT6SyJ4PCPnGMoFjC9ddhal5KVIYtAt97ix05A==",
      "license": "MIT"
    },
    "node_modules/once": {
      "version": "1.3.3",
      "resolved": "https://registry.npmjs.org/once/-/once-1.3.3.tgz",
      "integrity": "sha512-6vaNInhu+CHxtONf3zw3vq4SP2DOQhjBvIa3rNcG0+P7eKWlYH6Peu7rHizSloRU2EwMz6GraLieis9Ac9+p1w==",
      "license": "ISC",
      "dependencies": {
        "wrappy": "1"
      }
    },
    "node_modules/parse-torrent": {
      "version": "1.7.0",
      "resolved": "https://registry.npmjs.org/parse-torrent/-/parse-torrent-1.7.0.tgz",
      "integrity": "sha512-/ThcRlx6Uxq3f6Moo66+tuV7Bb6EOwPwD17xtYntAWKDTtbZzig9houHvxDKyNukTeslR+ajAxoXSioYJM6OYg==",
      "license": "MIT",
      "dependencies": {
        "bencode": "^0.6.0"
      },
      "bin": {
        "parse-torrent": "bin/cmd.js"
      }
    },
    "node_modules/path-is-absolute": {
      "version": "1.0.1",
      "resolved": "https://registry.npmjs.org/path-is-absolute/-/path-is-absolute-1.0.1.tgz",
      "integrity": "sha512-AVbw3UJ2e9bq64vSaS9Am0fje1Pa8pbGqTTsmXfaIiMpnr5DlDhfJOuLj9Sf95ZPVDAUerDfEk88MPmPe7UCQg==",
      "license": "MIT",
      "engines": {
        "node": ">=0.10.0"
      }
    },
    "node_modules/peer-wire-protocol": {
      "version": "0.7.1",
      "resolved": "https://registry.npmjs.org/peer-wire-protocol/-/peer-wire-protocol-0.7.1.tgz",
      "integrity": "sha512-V9oTa/ZcfNNz9fAST28Gg0fXbPeFPk3SBImsYO8GDDG5D0E195vxXmjZ+SPrzr4BJyMQmdDmwUfTf9MZ62z4mw==",
      "dependencies": {
        "bitfield": "^0.1.0",
        "bncode": "^0.2.3",
        "buffer-alloc": "^1.1.0",
        "buffer-from": "^1.0.0",
        "readable-stream": "^1.0.2",
        "speedometer": "^0.1.2"
      }
    },
    "node_modules/peer-wire-protocol/node_modules/bncode": {
      "version": "0.2.3",
      "resolved": "https://registry.npmjs.org/bncode/-/bncode-0.2.3.tgz",
      "integrity": "sha512-IXGfySD68R/J2X/it8GZqAM+Vb3ByZvAlUi0Gysq4ZACq6hXGQ3YshKo0QS/f3S9wOWKjJnEjP6x3ELxqBnAOA=="
    },
    "node_modules/peer-wire-swarm": {
      "version": "0.9.2",
      "resolved": "https://registry.npmjs.org/peer-wire-swarm/-/peer-wire-swarm-0.9.2.tgz",
      "integrity": "sha512-uz0EatdAWGjTmxWSMMpxnaaJKV2+ayveKucfHlRZYCNO2zIhUXnX9zC8z8TDLFDK03h2uyqzP5a06fYAQKYOvA==",
      "dependencies": {
        "fifo": "^0.1.4",
        "once": "^1.1.1",
        "peer-wire-protocol": "^0.7.0",
        "speedometer": "^0.1.2"
      }
    },
    "node_modules/portfinder": {
      "version": "0.2.1",
      "resolved": "https://registry.npmjs.org/portfinder/-/portfinder-0.2.1.tgz",
      "integrity": "sha512-U7dHe7mfMMP5cIwbqBHh/likunxAEiBsQLiThUWjyeRK6/C3um2uk+VGiekUW8q3h+s793gdNfagCM3aaXMeOg==",
      "dependencies": {
        "mkdirp": "0.0.x"
      },
      "engines": {
        "node": ">= 0.4.0"
      }
    },
    "node_modules/portfinder/node_modules/mkdirp": {
      "version": "0.0.7",
      "resolved": "https://registry.npmjs.org/mkdirp/-/mkdirp-0.0.7.tgz",
      "integrity": "sha512-r4Ml2CH2Kl4B0+Lwq1SVru0vjMxdtR+UEb938WTQcsnU+EJz8dUV/HY0LTZh466nUSljia9cvqW3LZLWs3l8LQ==",
      "deprecated": "Legacy versions of mkdirp are no longer supported. Please update to mkdirp 1.x. (Note that the API surface has changed to use Promises in 1.x.)",
      "license": "MIT/X11",
      "engines": {
        "node": "*"
      }
    },
    "node_modules/queue-microtask": {
      "version": "1.2.3",
      "resolved": "https://registry.npmjs.org/queue-microtask/-/queue-microtask-1.2.3.tgz",
      "integrity": "sha512-NuaNSa6flKT5JaSYQzJok04JzTL1CA6aGhv5rfLW3PgqA+M2ChpZQnAC8h8i4ZFkBS8X5RqkDBHA7r4hej3K9A==",
      "funding": [
        {
          "type": "github",
          "url": "https://github.com/sponsors/feross"
        },
        {
          "type": "patreon",
          "url": "https://www.patreon.com/feross"
        },
        {
          "type": "consulting",
          "url": "https://feross.org/support"
        }
      ],
      "license": "MIT"
    },
    "node_modules/random-access-file": {
      "version": "0.3.2",
      "resolved": "https://registry.npmjs.org/random-access-file/-/random-access-file-0.3.2.tgz",
      "integrity": "sha512-GkPzG5t6PaO66sjoPIDLB2BocOz61oF1Ef9RU16Du8pGYxnVgrtkqRk3RUwjXtgrVPuXIKKAApbXDO3647fcEw==",
      "license": "MIT",
      "dependencies": {
        "thunky": "~0.1.0"
      }
    },
    "node_modules/readable-stream": {
      "version": "1.1.14",
      "resolved": "https://registry.npmjs.org/readable-stream/-/readable-stream-1.1.14.tgz",
      "integrity": "sha512-+MeVjFf4L44XUkhM1eYbD8fyEsxcV81pqMSR5gblfcLCHfZvbrqy4/qYHE+/R5HoBUT11WV5O08Cr1n3YXkWVQ==",
      "license": "MIT",
      "dependencies": {
        "core-util-is": "~1.0.0",
        "inherits": "~2.0.1",
        "isarray": "0.0.1",
        "string_decoder": "~0.10.x"
      }
    },
    "node_modules/rimraf": {
      "version": "2.7.1",
      "resolved": "https://registry.npmjs.org/rimraf/-/rimraf-2.7.1.tgz",
      "integrity": "sha512-uWjbaKIK3T1OSVptzX7Nl6PvQ3qAGtKEtVRjRuazjfL3Bx5eI409VZSqgND+4UNnmzLVdPj9FqFJNPqBZFve4w==",
      "deprecated": "Rimraf versions prior to v4 are no longer supported",
      "license": "ISC",
      "dependencies": {
        "glob": "^7.1.3"
      },
      "bin": {
        "rimraf": "bin.js"
      }
    },
    "node_modules/run-parallel": {
      "version": "1.2.0",
      "resolved": "https://registry.npmjs.org/run-parallel/-/run-parallel-1.2.0.tgz",
      "integrity": "sha512-5l4VyZR86LZ/lDxZTR6jqL8AFE2S0IFLMP26AbjsLVADxHdhB/c0GUsH+y39UfCi3dzz8OlQuPmnaJOMoDHQBA==",
      "funding": [
        {
          "type": "github",
          "url": "https://github.com/sponsors/feross"
        },
        {
          "type": "patreon",
          "url": "https://www.patreon.com/feross"
        },
        {
          "type": "consulting",
          "url": "https://feross.org/support"
        }
      ],
      "license": "MIT",
      "dependencies": {
        "queue-microtask": "^1.2.2"
      }
    },
    "node_modules/run-series": {
      "version": "1.1.9",
      "resolved": "https://registry.npmjs.org/run-series/-/run-series-1.1.9.tgz",
      "integrity": "sha512-Arc4hUN896vjkqCYrUXquBFtRZdv1PfLbTYP71efP6butxyQ0kWpiNJyAgsxscmQg1cqvHY32/UCBzXedTpU2g==",
      "funding": [
        {
          "type": "github",
          "url": "https://github.com/sponsors/feross"
        },
        {
          "type": "patreon",
          "url": "https://www.patreon.com/feross"
        },
        {
          "type": "consulting",
          "url": "https://feross.org/support"
        }
      ],
      "license": "MIT"
    },
    "node_modules/simple-get": {
      "version": "1.4.3",
      "resolved": "https://registry.npmjs.org/simple-get/-/simple-get-1.4.3.tgz",
      "integrity": "sha512-ddVP3P/VdMhY0DFWh5oxKMThsGYjlEJBD/mXuyzfCHOqpaa56XpLDvtv4tzcQ1Z2CWgFGEu5zFwCCxpV1xV0fQ==",
      "license": "MIT",
      "dependencies": {
        "once": "^1.3.1",
        "unzip-response": "^1.0.0",
        "xtend": "^4.0.0"
      }
    },
    "node_modules/speedometer": {
      "version": "0.1.4",
      "resolved": "https://registry.npmjs.org/speedometer/-/speedometer-0.1.4.tgz",
      "integrity": "sha512-phdEoDlA6EUIVtzwq1UiNMXDUogczp204aYF/yfOhjNePWFfIpBJ1k5wLMuXQhEOOMjuTJEcc4vdZa+vuP+n/Q=="
    },
    "node_modules/string_decoder": {
      "version": "0.10.31",
      "resolved": "https://registry.npmjs.org/string_decoder/-/string_decoder-0.10.31.tgz",
      "integrity": "sha512-ev2QzSzWPYmy9GuqfIVildA4OdcGLeFZQrq5ys6RtiuF+RQQiZWr8TZNyAcuVXyQRYfEO+MsoB/1BuQVhOJuoQ==",
      "license": "MIT"
    },
    "node_modules/string2compact": {
      "version": "1.3.2",
      "resolved": "https://registry.npmjs.org/string2compact/-/string2compact-1.3.2.tgz",
      "integrity": "sha512-3XUxUgwhj7Eqh2djae35QHZZT4mN3fsO7kagZhSGmhhlrQagVvWSFuuFIWnpxFS0CdTB2PlQcaL16RDi14I8uw==",
      "license": "MIT",
      "dependencies": {
        "addr-to-ip-port": "^1.0.1",
        "ipaddr.js": "^2.0.0"
      }
    },
    "node_modules/thirty-two": {
      "version": "0.0.2",
      "resolved": "https://registry.npmjs.org/thirty-two/-/thirty-two-0.0.2.tgz",
      "integrity": "sha512-0j1A9eqbP8dSEtkqqEJGpYFN2lPgQR1d0qKS2KNAmIxkK6gV37D5hRa5b/mYzVL1fyAVWBkeUDIXybZdCLVBzA==",
      "engines": {
        "node": ">=0.2.6"
      }
    },
    "node_modules/thunky": {
      "version": "0.1.0",
      "resolved": "https://registry.npmjs.org/thunky/-/thunky-0.1.0.tgz",
      "integrity": "sha512-vquTt/sKNzFqFK8DKLg33U7deg93WKYH4CE2Ul9hOyMCfm7VXgM7GJQRpPAgnmgnrf407Fcq8TQVEKlbavAu+A=="
    },
    "node_modules/torrent-stream": {
      "version": "0.13.5",
      "resolved": "https://registry.npmjs.org/torrent-stream/-/torrent-stream-0.13.5.tgz",
      "integrity": "sha512-Rdrm+7X9WVtWmitSERUbzUPRKbbnQR7/WYdwNysW+/t5gAXDHjUW6EPABMu1U0p4GUisN08fmU61I1Ufa7zizg==",
      "dependencies": {
        "bitfield": "^0.1.0",
        "bittorrent-dht": "^1.0.0",
        "bittorrent-tracker": "^2.0.0",
        "bncode": "^0.5.2",
        "compact2string": "^1.2.0",
        "end-of-stream": "^0.1.4",
        "hat": "0.0.3",
        "ip": "^0.3.0",
        "magnet-uri": "^2.0.1",
        "mkdirp": "^0.3.5",
        "parse-torrent": "^1.4.0",
        "peer-wire-swarm": "^0.9.0",
        "random-access-file": "^0.3.1",
        "rimraf": "^2.2.5",
        "thunky": "^0.1.0"
      }
    },
    "node_modules/unzip-response": {
      "version": "1.0.2",
      "resolved": "https://registry.npmjs.org/unzip-response/-/unzip-response-1.0.2.tgz",
      "integrity": "sha512-pwCcjjhEcpW45JZIySExBHYv5Y9EeL2OIGEfrSKp2dMUFGFv4CpvZkwJbVge8OvGH2BNNtJBx67DuKuJhf+N5Q==",
      "license": "MIT",
      "engines": {
        "node": ">=0.10"
      }
    },
    "node_modules/wrappy": {
      "version": "1.0.2",
      "resolved": "https://registry.npmjs.org/wrappy/-/wrappy-1.0.2.tgz",
      "integrity": "sha512-l4Sp/DRseor9wL6EvV2+TuQn63dMkPjZ/sp9XkghTEbV9KlPS1xUsZ3u7/IQO4wxtcFB4bgpQPRcR3QCvezPcQ==",
      "license": "ISC"
    },
    "node_modules/xtend": {
      "version": "4.0.2",
      "resolved": "https://registry.npmjs.org/xtend/-/xtend-4.0.2.tgz",
      "integrity": "sha512-LKYU1iAXJXUgAXn9URjiu+MWhyUXHsvfp7mcuYm9dSUKK0/CjtrUwFAxD82/mCWbtLsGjFIad0wIsod4zrTAEQ==",
      "license": "MIT",
      "engines": {
        "node": ">=0.4"
      }
    }
  }
}
